
Microsoft Visual Studio Solution File, Format Version 12.00
# Visual Studio Version 17
VisualStudioVersion = 17.5.33530.505
MinimumVisualStudioVersion = 10.0.40219.1
Project("{FAE04EC0-301F-11D3-BF4B-00C04F79EFBC}") = "WinAppAreaTerrreno", "WinAppAreaTerrreno.csproj", "{8CF9266F-6B19-4644-8977-CDFFC893B61A}"
EndProject
Global
	GlobalSection(SolutionConfigurationPlatforms) = preSolution
		Debug|Any CPU = Debug|Any CPU
		Release|Any CPU = Release|Any CPU
	EndGlobalSection
	GlobalSection(ProjectConfigurationPlatforms) = postSolution
		{8CF9266F-6B19-4644-8977-CDFFC893B61A}.Debug|Any CPU.ActiveCfg = Debug|Any CPU
		{8CF9266F-6B19-4644-8977-CDFFC893B61A}.Debug|Any CPU.Build.0 = Debug|Any CPU
		{8CF9266F-6B19-4644-8977-CDFFC893B61A}.Release|Any CPU.ActiveCfg = Release|Any CPU
		{8CF9266F-6B19-4644-8977-CDFFC893B61A}.Release|Any CPU.Build.0 = Release|Any CPU
	EndGlobalSection
	GlobalSection(SolutionProperties) = preSolution
		HideSolutionNode = FALSE
	EndGlobalSection
	GlobalSection(ExtensibilityGlobals) = postSolution
		SolutionGuid = {5B6BE426-FF6E-44D7-B3E3-E6ECE0986B5F}
	EndGlobalSection
EndGlobal
