
Microsoft Visual Studio Solution File, Format Version 12.00
# Visual Studio Version 17
VisualStudioVersion = 17.2.32519.379
MinimumVisualStudioVersion = 10.0.40219.1
Project("{FAE04EC0-301F-11D3-BF4B-00C04F79EFBC}") = "WinAppFile", "WinAppFile.csproj", "{4C7514FA-35F8-4FB8-B7EF-40D8962BCFA4}"
EndProject
Global
	GlobalSection(SolutionConfigurationPlatforms) = preSolution
		Debug|Any CPU = Debug|Any CPU
		Release|Any CPU = Release|Any CPU
	EndGlobalSection
	GlobalSection(ProjectConfigurationPlatforms) = postSolution
		{4C7514FA-35F8-4FB8-B7EF-40D8962BCFA4}.Debug|Any CPU.ActiveCfg = Debug|Any CPU
		{4C7514FA-35F8-4FB8-B7EF-40D8962BCFA4}.Debug|Any CPU.Build.0 = Debug|Any CPU
		{4C7514FA-35F8-4FB8-B7EF-40D8962BCFA4}.Release|Any CPU.ActiveCfg = Release|Any CPU
		{4C7514FA-35F8-4FB8-B7EF-40D8962BCFA4}.Release|Any CPU.Build.0 = Release|Any CPU
	EndGlobalSection
	GlobalSection(SolutionProperties) = preSolution
		HideSolutionNode = FALSE
	EndGlobalSection
	GlobalSection(ExtensibilityGlobals) = postSolution
		SolutionGuid = {C47A7ABD-418A-49E9-AD8C-BF40CE7BB790}
	EndGlobalSection
EndGlobal
