
Microsoft Visual Studio Solution File, Format Version 12.00
# Visual Studio Version 17
VisualStudioVersion = 17.5.33530.505
MinimumVisualStudioVersion = 10.0.40219.1
Project("{FAE04EC0-301F-11D3-BF4B-00C04F79EFBC}") = "WinAppNextHour", "WinAppNextHour.csproj", "{C79A7866-7A8A-489C-B657-C11410C3B200}"
EndProject
Global
	GlobalSection(SolutionConfigurationPlatforms) = preSolution
		Debug|Any CPU = Debug|Any CPU
		Release|Any CPU = Release|Any CPU
	EndGlobalSection
	GlobalSection(ProjectConfigurationPlatforms) = postSolution
		{C79A7866-7A8A-489C-B657-C11410C3B200}.Debug|Any CPU.ActiveCfg = Debug|Any CPU
		{C79A7866-7A8A-489C-B657-C11410C3B200}.Debug|Any CPU.Build.0 = Debug|Any CPU
		{C79A7866-7A8A-489C-B657-C11410C3B200}.Release|Any CPU.ActiveCfg = Release|Any CPU
		{C79A7866-7A8A-489C-B657-C11410C3B200}.Release|Any CPU.Build.0 = Release|Any CPU
	EndGlobalSection
	GlobalSection(SolutionProperties) = preSolution
		HideSolutionNode = FALSE
	EndGlobalSection
	GlobalSection(ExtensibilityGlobals) = postSolution
		SolutionGuid = {1E9CAFCD-7315-4361-AEFA-A8448866FE1E}
	EndGlobalSection
EndGlobal
