
Microsoft Visual Studio Solution File, Format Version 12.00
# Visual Studio Version 17
VisualStudioVersion = 17.5.33530.505
MinimumVisualStudioVersion = 10.0.40219.1
Project("{FAE04EC0-301F-11D3-BF4B-00C04F79EFBC}") = "WinAppDragAndDrop", "WinAppDragAndDrop.csproj", "{2E5E051B-60EE-4074-8D57-97A53968E11A}"
EndProject
Global
	GlobalSection(SolutionConfigurationPlatforms) = preSolution
		Debug|Any CPU = Debug|Any CPU
		Release|Any CPU = Release|Any CPU
	EndGlobalSection
	GlobalSection(ProjectConfigurationPlatforms) = postSolution
		{2E5E051B-60EE-4074-8D57-97A53968E11A}.Debug|Any CPU.ActiveCfg = Debug|Any CPU
		{2E5E051B-60EE-4074-8D57-97A53968E11A}.Debug|Any CPU.Build.0 = Debug|Any CPU
		{2E5E051B-60EE-4074-8D57-97A53968E11A}.Release|Any CPU.ActiveCfg = Release|Any CPU
		{2E5E051B-60EE-4074-8D57-97A53968E11A}.Release|Any CPU.Build.0 = Release|Any CPU
	EndGlobalSection
	GlobalSection(SolutionProperties) = preSolution
		HideSolutionNode = FALSE
	EndGlobalSection
	GlobalSection(ExtensibilityGlobals) = postSolution
		SolutionGuid = {3B6AAE48-88FE-43F9-8A26-5765525FD412}
	EndGlobalSection
EndGlobal
