
Microsoft Visual Studio Solution File, Format Version 12.00
# Visual Studio Version 17
VisualStudioVersion = 17.5.33530.505
MinimumVisualStudioVersion = 10.0.40219.1
Project("{FAE04EC0-301F-11D3-BF4B-00C04F79EFBC}") = "WinAppVoiceImages", "WinAppVoiceImages.csproj", "{579BB690-4DB1-47C1-88E7-45E47F4146F1}"
EndProject
Global
	GlobalSection(SolutionConfigurationPlatforms) = preSolution
		Debug|Any CPU = Debug|Any CPU
		Release|Any CPU = Release|Any CPU
	EndGlobalSection
	GlobalSection(ProjectConfigurationPlatforms) = postSolution
		{579BB690-4DB1-47C1-88E7-45E47F4146F1}.Debug|Any CPU.ActiveCfg = Debug|Any CPU
		{579BB690-4DB1-47C1-88E7-45E47F4146F1}.Debug|Any CPU.Build.0 = Debug|Any CPU
		{579BB690-4DB1-47C1-88E7-45E47F4146F1}.Release|Any CPU.ActiveCfg = Release|Any CPU
		{579BB690-4DB1-47C1-88E7-45E47F4146F1}.Release|Any CPU.Build.0 = Release|Any CPU
	EndGlobalSection
	GlobalSection(SolutionProperties) = preSolution
		HideSolutionNode = FALSE
	EndGlobalSection
	GlobalSection(ExtensibilityGlobals) = postSolution
		SolutionGuid = {CDE2521D-6831-4974-AA2A-C720F2F70A0A}
	EndGlobalSection
EndGlobal
