
Microsoft Visual Studio Solution File, Format Version 12.00
# Visual Studio Version 17
VisualStudioVersion = 17.5.33530.505
MinimumVisualStudioVersion = 10.0.40219.1
Project("{FAE04EC0-301F-11D3-BF4B-00C04F79EFBC}") = "WinAppCliente", "WinAppCliente.csproj", "{EFBB164F-7F25-4EE1-A519-397AE015F5B2}"
EndProject
Global
	GlobalSection(SolutionConfigurationPlatforms) = preSolution
		Debug|Any CPU = Debug|Any CPU
		Release|Any CPU = Release|Any CPU
	EndGlobalSection
	GlobalSection(ProjectConfigurationPlatforms) = postSolution
		{EFBB164F-7F25-4EE1-A519-397AE015F5B2}.Debug|Any CPU.ActiveCfg = Debug|Any CPU
		{EFBB164F-7F25-4EE1-A519-397AE015F5B2}.Debug|Any CPU.Build.0 = Debug|Any CPU
		{EFBB164F-7F25-4EE1-A519-397AE015F5B2}.Release|Any CPU.ActiveCfg = Release|Any CPU
		{EFBB164F-7F25-4EE1-A519-397AE015F5B2}.Release|Any CPU.Build.0 = Release|Any CPU
	EndGlobalSection
	GlobalSection(SolutionProperties) = preSolution
		HideSolutionNode = FALSE
	EndGlobalSection
	GlobalSection(ExtensibilityGlobals) = postSolution
		SolutionGuid = {E6AA1589-F055-4F86-8DB8-1F58A003F7F1}
	EndGlobalSection
EndGlobal
