
Microsoft Visual Studio Solution File, Format Version 12.00
# Visual Studio Version 17
VisualStudioVersion = 17.5.33530.505
MinimumVisualStudioVersion = 10.0.40219.1
Project("{FAE04EC0-301F-11D3-BF4B-00C04F79EFBC}") = "WinAppNextSec", "WinAppNextSec.csproj", "{46CD328C-37DD-4EEA-8120-70E04FFC9D1C}"
EndProject
Global
	GlobalSection(SolutionConfigurationPlatforms) = preSolution
		Debug|Any CPU = Debug|Any CPU
		Release|Any CPU = Release|Any CPU
	EndGlobalSection
	GlobalSection(ProjectConfigurationPlatforms) = postSolution
		{46CD328C-37DD-4EEA-8120-70E04FFC9D1C}.Debug|Any CPU.ActiveCfg = Debug|Any CPU
		{46CD328C-37DD-4EEA-8120-70E04FFC9D1C}.Debug|Any CPU.Build.0 = Debug|Any CPU
		{46CD328C-37DD-4EEA-8120-70E04FFC9D1C}.Release|Any CPU.ActiveCfg = Release|Any CPU
		{46CD328C-37DD-4EEA-8120-70E04FFC9D1C}.Release|Any CPU.Build.0 = Release|Any CPU
	EndGlobalSection
	GlobalSection(SolutionProperties) = preSolution
		HideSolutionNode = FALSE
	EndGlobalSection
	GlobalSection(ExtensibilityGlobals) = postSolution
		SolutionGuid = {01F0E09D-15DE-40B9-9F7B-138B98965818}
	EndGlobalSection
EndGlobal
