
Microsoft Visual Studio Solution File, Format Version 12.00
# Visual Studio Version 17
VisualStudioVersion = 17.2.32519.379
MinimumVisualStudioVersion = 10.0.40219.1
Project("{FAE04EC0-301F-11D3-BF4B-00C04F79EFBC}") = "CPresentacion", "CPresentacion\CPresentacion.csproj", "{62EBE91C-0F48-41C6-8E97-C40CA1A98DEA}"
EndProject
Project("{FAE04EC0-301F-11D3-BF4B-00C04F79EFBC}") = "CEntidades", "CEntidades\CEntidades.csproj", "{5CFFFF8C-8CF2-4B6C-813B-C184D0819A71}"
EndProject
Project("{FAE04EC0-301F-11D3-BF4B-00C04F79EFBC}") = "CLogica", "CLogica\CLogica.csproj", "{81FB7CF7-B982-479A-A3DE-B5236E671FD5}"
EndProject
Project("{FAE04EC0-301F-11D3-BF4B-00C04F79EFBC}") = "CDatos", "CDatos\CDatos.csproj", "{A50A01AE-8FCF-439B-AFCE-D86B8DF1298A}"
EndProject
Global
	GlobalSection(SolutionConfigurationPlatforms) = preSolution
		Debug|Any CPU = Debug|Any CPU
		Release|Any CPU = Release|Any CPU
	EndGlobalSection
	GlobalSection(ProjectConfigurationPlatforms) = postSolution
		{62EBE91C-0F48-41C6-8E97-C40CA1A98DEA}.Debug|Any CPU.ActiveCfg = Debug|Any CPU
		{62EBE91C-0F48-41C6-8E97-C40CA1A98DEA}.Debug|Any CPU.Build.0 = Debug|Any CPU
		{62EBE91C-0F48-41C6-8E97-C40CA1A98DEA}.Release|Any CPU.ActiveCfg = Release|Any CPU
		{62EBE91C-0F48-41C6-8E97-C40CA1A98DEA}.Release|Any CPU.Build.0 = Release|Any CPU
		{5CFFFF8C-8CF2-4B6C-813B-C184D0819A71}.Debug|Any CPU.ActiveCfg = Debug|Any CPU
		{5CFFFF8C-8CF2-4B6C-813B-C184D0819A71}.Debug|Any CPU.Build.0 = Debug|Any CPU
		{5CFFFF8C-8CF2-4B6C-813B-C184D0819A71}.Release|Any CPU.ActiveCfg = Release|Any CPU
		{5CFFFF8C-8CF2-4B6C-813B-C184D0819A71}.Release|Any CPU.Build.0 = Release|Any CPU
		{81FB7CF7-B982-479A-A3DE-B5236E671FD5}.Debug|Any CPU.ActiveCfg = Debug|Any CPU
		{81FB7CF7-B982-479A-A3DE-B5236E671FD5}.Debug|Any CPU.Build.0 = Debug|Any CPU
		{81FB7CF7-B982-479A-A3DE-B5236E671FD5}.Release|Any CPU.ActiveCfg = Release|Any CPU
		{81FB7CF7-B982-479A-A3DE-B5236E671FD5}.Release|Any CPU.Build.0 = Release|Any CPU
		{A50A01AE-8FCF-439B-AFCE-D86B8DF1298A}.Debug|Any CPU.ActiveCfg = Debug|Any CPU
		{A50A01AE-8FCF-439B-AFCE-D86B8DF1298A}.Debug|Any CPU.Build.0 = Debug|Any CPU
		{A50A01AE-8FCF-439B-AFCE-D86B8DF1298A}.Release|Any CPU.ActiveCfg = Release|Any CPU
		{A50A01AE-8FCF-439B-AFCE-D86B8DF1298A}.Release|Any CPU.Build.0 = Release|Any CPU
	EndGlobalSection
	GlobalSection(SolutionProperties) = preSolution
		HideSolutionNode = FALSE
	EndGlobalSection
	GlobalSection(ExtensibilityGlobals) = postSolution
		SolutionGuid = {1297D6BD-C251-4D30-BC7A-F347D181A847}
	EndGlobalSection
EndGlobal
