
Microsoft Visual Studio Solution File, Format Version 12.00
# Visual Studio Version 17
VisualStudioVersion = 17.5.33530.505
MinimumVisualStudioVersion = 10.0.40219.1
Project("{FAE04EC0-301F-11D3-BF4B-00C04F79EFBC}") = "WinAppDatagridview", "WinAppDatagridview.csproj", "{867CCD88-68EB-458B-B136-C1C110670193}"
EndProject
Global
	GlobalSection(SolutionConfigurationPlatforms) = preSolution
		Debug|Any CPU = Debug|Any CPU
		Release|Any CPU = Release|Any CPU
	EndGlobalSection
	GlobalSection(ProjectConfigurationPlatforms) = postSolution
		{867CCD88-68EB-458B-B136-C1C110670193}.Debug|Any CPU.ActiveCfg = Debug|Any CPU
		{867CCD88-68EB-458B-B136-C1C110670193}.Debug|Any CPU.Build.0 = Debug|Any CPU
		{867CCD88-68EB-458B-B136-C1C110670193}.Release|Any CPU.ActiveCfg = Release|Any CPU
		{867CCD88-68EB-458B-B136-C1C110670193}.Release|Any CPU.Build.0 = Release|Any CPU
	EndGlobalSection
	GlobalSection(SolutionProperties) = preSolution
		HideSolutionNode = FALSE
	EndGlobalSection
	GlobalSection(ExtensibilityGlobals) = postSolution
		SolutionGuid = {D5309879-4215-4717-8097-F6A2CEF8BD65}
	EndGlobalSection
EndGlobal
