
Microsoft Visual Studio Solution File, Format Version 12.00
# Visual Studio Version 17
VisualStudioVersion = 17.5.33516.290
MinimumVisualStudioVersion = 10.0.40219.1
Project("{FAE04EC0-301F-11D3-BF4B-00C04F79EFBC}") = "WinAppFahrenCelsius", "WinAppFahrenCelsius.csproj", "{EF4F1EFF-1902-4EAC-A148-057957F93E4E}"
EndProject
Global
	GlobalSection(SolutionConfigurationPlatforms) = preSolution
		Debug|Any CPU = Debug|Any CPU
		Release|Any CPU = Release|Any CPU
	EndGlobalSection
	GlobalSection(ProjectConfigurationPlatforms) = postSolution
		{EF4F1EFF-1902-4EAC-A148-057957F93E4E}.Debug|Any CPU.ActiveCfg = Debug|Any CPU
		{EF4F1EFF-1902-4EAC-A148-057957F93E4E}.Debug|Any CPU.Build.0 = Debug|Any CPU
		{EF4F1EFF-1902-4EAC-A148-057957F93E4E}.Release|Any CPU.ActiveCfg = Release|Any CPU
		{EF4F1EFF-1902-4EAC-A148-057957F93E4E}.Release|Any CPU.Build.0 = Release|Any CPU
	EndGlobalSection
	GlobalSection(SolutionProperties) = preSolution
		HideSolutionNode = FALSE
	EndGlobalSection
	GlobalSection(ExtensibilityGlobals) = postSolution
		SolutionGuid = {5D9AFD0E-9026-499D-9734-B77C8629D850}
	EndGlobalSection
EndGlobal
