
Microsoft Visual Studio Solution File, Format Version 12.00
# Visual Studio Version 17
VisualStudioVersion = 17.5.33516.290
MinimumVisualStudioVersion = 10.0.40219.1
Project("{FAE04EC0-301F-11D3-BF4B-00C04F79EFBC}") = "WinAppCantCifras", "WinAppCantCifras.csproj", "{6CEE927B-696D-4ED4-88AC-8D73CBE26144}"
EndProject
Global
	GlobalSection(SolutionConfigurationPlatforms) = preSolution
		Debug|Any CPU = Debug|Any CPU
		Release|Any CPU = Release|Any CPU
	EndGlobalSection
	GlobalSection(ProjectConfigurationPlatforms) = postSolution
		{6CEE927B-696D-4ED4-88AC-8D73CBE26144}.Debug|Any CPU.ActiveCfg = Debug|Any CPU
		{6CEE927B-696D-4ED4-88AC-8D73CBE26144}.Debug|Any CPU.Build.0 = Debug|Any CPU
		{6CEE927B-696D-4ED4-88AC-8D73CBE26144}.Release|Any CPU.ActiveCfg = Release|Any CPU
		{6CEE927B-696D-4ED4-88AC-8D73CBE26144}.Release|Any CPU.Build.0 = Release|Any CPU
	EndGlobalSection
	GlobalSection(SolutionProperties) = preSolution
		HideSolutionNode = FALSE
	EndGlobalSection
	GlobalSection(ExtensibilityGlobals) = postSolution
		SolutionGuid = {CEF70DE7-BF96-4CBE-97CC-51CBF1F56A54}
	EndGlobalSection
EndGlobal
