
Microsoft Visual Studio Solution File, Format Version 12.00
# Visual Studio Version 17
VisualStudioVersion = 17.5.33530.505
MinimumVisualStudioVersion = 10.0.40219.1
Project("{FAE04EC0-301F-11D3-BF4B-00C04F79EFBC}") = "WinAppServer", "WinAppServer.csproj", "{C31AC4AD-AE0E-48BF-919A-51B3FC7A4936}"
EndProject
Global
	GlobalSection(SolutionConfigurationPlatforms) = preSolution
		Debug|Any CPU = Debug|Any CPU
		Release|Any CPU = Release|Any CPU
	EndGlobalSection
	GlobalSection(ProjectConfigurationPlatforms) = postSolution
		{C31AC4AD-AE0E-48BF-919A-51B3FC7A4936}.Debug|Any CPU.ActiveCfg = Debug|Any CPU
		{C31AC4AD-AE0E-48BF-919A-51B3FC7A4936}.Debug|Any CPU.Build.0 = Debug|Any CPU
		{C31AC4AD-AE0E-48BF-919A-51B3FC7A4936}.Release|Any CPU.ActiveCfg = Release|Any CPU
		{C31AC4AD-AE0E-48BF-919A-51B3FC7A4936}.Release|Any CPU.Build.0 = Release|Any CPU
	EndGlobalSection
	GlobalSection(SolutionProperties) = preSolution
		HideSolutionNode = FALSE
	EndGlobalSection
	GlobalSection(ExtensibilityGlobals) = postSolution
		SolutionGuid = {17191550-7211-43AD-8EF1-92EAEE28FC79}
	EndGlobalSection
EndGlobal
