
Microsoft Visual Studio Solution File, Format Version 12.00
# Visual Studio Version 17
VisualStudioVersion = 17.5.33530.505
MinimumVisualStudioVersion = 10.0.40219.1
Project("{FAE04EC0-301F-11D3-BF4B-00C04F79EFBC}") = "WinAppTryCatcg", "WinAppTryCatcg.csproj", "{97841025-9987-4941-929F-C3DFA1D40CFE}"
EndProject
Global
	GlobalSection(SolutionConfigurationPlatforms) = preSolution
		Debug|Any CPU = Debug|Any CPU
		Release|Any CPU = Release|Any CPU
	EndGlobalSection
	GlobalSection(ProjectConfigurationPlatforms) = postSolution
		{97841025-9987-4941-929F-C3DFA1D40CFE}.Debug|Any CPU.ActiveCfg = Debug|Any CPU
		{97841025-9987-4941-929F-C3DFA1D40CFE}.Debug|Any CPU.Build.0 = Debug|Any CPU
		{97841025-9987-4941-929F-C3DFA1D40CFE}.Release|Any CPU.ActiveCfg = Release|Any CPU
		{97841025-9987-4941-929F-C3DFA1D40CFE}.Release|Any CPU.Build.0 = Release|Any CPU
	EndGlobalSection
	GlobalSection(SolutionProperties) = preSolution
		HideSolutionNode = FALSE
	EndGlobalSection
	GlobalSection(ExtensibilityGlobals) = postSolution
		SolutionGuid = {B8986663-DB27-472F-AC98-A8BB3878945B}
	EndGlobalSection
EndGlobal
